<?xml version="1.0" encoding="utf-8"?>
<Project ToolsVersion="4.0" xmlns="http://schemas.microsoft.com/developer/msbuild/2003">
  <ItemGroup>
    <Filter Include="Source Files">
      <UniqueIdentifier>{f4b929cf-7508-40eb-83e0-476d36329077}</UniqueIdentifier>
      <Extensions>cpp;c;cxx;rc;def;r;odl;idl;hpj;bat</Extensions>
    </Filter>
    <Filter Include="Header Files">
      <UniqueIdentifier>{9aaf1533-4e78-4d77-8ed9-6afe8aecb119}</UniqueIdentifier>
      <Extensions>h;hpp;hxx;hm;inl</Extensions>
    </Filter>
    <Filter Include="Base Code">
      <UniqueIdentifier>{af38d2f2-45cb-4c3f-bf1b-eac02676b516}</UniqueIdentifier>
    </Filter>
    <Filter Include="Resource Files">
      <UniqueIdentifier>{eafd4273-f709-4947-971d-ca6f635842bb}</UniqueIdentifier>
      <Extensions>ico;cur;bmp;dlg;rc2;rct;bin;rgs;gif;jpg;jpeg;jpe</Extensions>
    </Filter>
  </ItemGroup>
  <ItemGroup>
    <ClCompile Include="brute_force.cpp">
      <Filter>Source Files</Filter>
    </ClCompile>
    <ClCompile Include="main.cpp">
      <Filter>Source Files</Filter>
    </ClCompile>
    <ClCompile Include="terrain.cpp">
      <Filter>Source Files</Filter>
    </ClCompile>
    <ClCompile Include="..\Base Code\camera.cpp">
      <Filter>Base Code</Filter>
    </ClCompile>
    <ClCompile Include="..\Base Code\gl_app.cpp">
      <Filter>Base Code</Filter>
    </ClCompile>
    <ClCompile Include="..\Base Code\image.cpp">
      <Filter>Base Code</Filter>
    </ClCompile>
    <ClCompile Include="..\Base Code\log.cpp">
      <Filter>Base Code</Filter>
    </ClCompile>
    <ClCompile Include="..\Base Code\math_ops.cpp">
      <Filter>Base Code</Filter>
    </ClCompile>
  </ItemGroup>
  <ItemGroup>
    <ClInclude Include="brute_force.h">
      <Filter>Header Files</Filter>
    </ClInclude>
    <ClInclude Include="terrain.h">
      <Filter>Header Files</Filter>
    </ClInclude>
    <ClInclude Include="..\Base Code\camera.h">
      <Filter>Base Code</Filter>
    </ClInclude>
    <ClInclude Include="..\Base Code\gl_app.h">
      <Filter>Base Code</Filter>
    </ClInclude>
    <ClInclude Include="..\Base Code\glext.h">
      <Filter>Base Code</Filter>
    </ClInclude>
    <ClInclude Include="..\Base Code\image.h">
      <Filter>Base Code</Filter>
    </ClInclude>
    <ClInclude Include="..\Base Code\log.h">
      <Filter>Base Code</Filter>
    </ClInclude>
    <ClInclude Include="..\Base Code\math_ops.h">
      <Filter>Base Code</Filter>
    </ClInclude>
    <ClInclude Include="..\Base Code\timer.h">
      <Filter>Base Code</Filter>
    </ClInclude>
    <ClInclude Include="resource.h">
      <Filter>Resource Files</Filter>
    </ClInclude>
  </ItemGroup>
  <ItemGroup>
    <ResourceCompile Include="resource.rc">
      <Filter>Resource Files</Filter>
    </ResourceCompile>
  </ItemGroup>
</Project>